
Microsoft Visual Studio Solution File, Format Version 12.00
# Visual Studio 15
VisualStudioVersion = 15.0.28307.168
MinimumVisualStudioVersion = 10.0.40219.1
Project("{FAE04EC0-301F-11D3-BF4B-00C04F79EFBC}") = "HelloTest", "HelloTest\HelloTest.csproj", "{F00B3150-835C-4E10-9B48-14CE3A97FF63}"
EndProject
Project("{FAE04EC0-301F-11D3-BF4B-00C04F79EFBC}") = "Hello", "Hello\Hello.csproj", "{BF193B6B-4D17-48CF-9DC4-AAA73707D375}"
EndProject
Global
	GlobalSection(SolutionConfigurationPlatforms) = preSolution
		Debug|Any CPU = Debug|Any CPU
		Release|Any CPU = Release|Any CPU
	EndGlobalSection
	GlobalSection(ProjectConfigurationPlatforms) = postSolution
		{F00B3150-835C-4E10-9B48-14CE3A97FF63}.Debug|Any CPU.ActiveCfg = Debug|Any CPU
		{F00B3150-835C-4E10-9B48-14CE3A97FF63}.Debug|Any CPU.Build.0 = Debug|Any CPU
		{F00B3150-835C-4E10-9B48-14CE3A97FF63}.Release|Any CPU.ActiveCfg = Release|Any CPU
		{F00B3150-835C-4E10-9B48-14CE3A97FF63}.Release|Any CPU.Build.0 = Release|Any CPU
		{BF193B6B-4D17-48CF-9DC4-AAA73707D375}.Debug|Any CPU.ActiveCfg = Debug|Any CPU
		{BF193B6B-4D17-48CF-9DC4-AAA73707D375}.Debug|Any CPU.Build.0 = Debug|Any CPU
		{BF193B6B-4D17-48CF-9DC4-AAA73707D375}.Release|Any CPU.ActiveCfg = Release|Any CPU
		{BF193B6B-4D17-48CF-9DC4-AAA73707D375}.Release|Any CPU.Build.0 = Release|Any CPU
	EndGlobalSection
	GlobalSection(SolutionProperties) = preSolution
		HideSolutionNode = FALSE
	EndGlobalSection
	GlobalSection(ExtensibilityGlobals) = postSolution
		SolutionGuid = {4C60F490-71E2-4804-9B3A-B7EBA5B7DD0B}
	EndGlobalSection
EndGlobal
